
Microsoft Visual Studio Solution File, Format Version 12.00
# Visual Studio Version 17
VisualStudioVersion = 17.6.33829.357
MinimumVisualStudioVersion = 10.0.40219.1
Project("{9A19103F-16F7-4668-BE54-9A1E7A4F7556}") = "Pokemon", "Pokemon\Pokemon.csproj", "{A7C583D1-80F7-4C4A-8AC2-13C4396A38AA}"
EndProject
Global
	GlobalSection(SolutionConfigurationPlatforms) = preSolution
		Debug|Any CPU = Debug|Any CPU
		Release|Any CPU = Release|Any CPU
		Working|Any CPU = Working|Any CPU
	EndGlobalSection
	GlobalSection(ProjectConfigurationPlatforms) = postSolution
		{A7C583D1-80F7-4C4A-8AC2-13C4396A38AA}.Debug|Any CPU.ActiveCfg = Debug|Any CPU
		{A7C583D1-80F7-4C4A-8AC2-13C4396A38AA}.Debug|Any CPU.Build.0 = Debug|Any CPU
		{A7C583D1-80F7-4C4A-8AC2-13C4396A38AA}.Release|Any CPU.ActiveCfg = Release|Any CPU
		{A7C583D1-80F7-4C4A-8AC2-13C4396A38AA}.Release|Any CPU.Build.0 = Release|Any CPU
		{A7C583D1-80F7-4C4A-8AC2-13C4396A38AA}.Working|Any CPU.ActiveCfg = Working|Any CPU
		{A7C583D1-80F7-4C4A-8AC2-13C4396A38AA}.Working|Any CPU.Build.0 = Working|Any CPU
	EndGlobalSection
	GlobalSection(SolutionProperties) = preSolution
		HideSolutionNode = FALSE
	EndGlobalSection
	GlobalSection(ExtensibilityGlobals) = postSolution
		SolutionGuid = {A2ED4E81-8830-4515-B6AF-8235C9F3AF50}
	EndGlobalSection
EndGlobal
